// !$*UTF8*$!
{
	archiveVersion = 1;
	classes = {
	};
	objectVersion = 50;
	objects = {

/* Begin PBXBuildFile section */
		72202EBB246323F900F55E88 /* AppDelegate.swift in Sources */ = {isa = PBXBuildFile; fileRef = 72202EBA246323F900F55E88 /* AppDelegate.swift */; };
		72202EBD246323F900F55E88 /* SceneDelegate.swift in Sources */ = {isa = PBXBuildFile; fileRef = 72202EBC246323F900F55E88 /* SceneDelegate.swift */; };
		72202EBF246323F900F55E88 /* ViewController.swift in Sources */ = {isa = PBXBuildFile; fileRef = 72202EBE246323F900F55E88 /* ViewController.swift */; };
		72202EC2246323F900F55E88 /* Main.storyboard in Resources */ = {isa = PBXBuildFile; fileRef = 72202EC0246323F900F55E88 /* Main.storyboard */; };
		72202EC42463240100F55E88 /* Assets.xcassets in Resources */ = {isa = PBXBuildFile; fileRef = 72202EC32463240100F55E88 /* Assets.xcassets */; };
		72202EC72463240100F55E88 /* LaunchScreen.storyboard in Resources */ = {isa = PBXBuildFile; fileRef = 72202EC52463240100F55E88 /* LaunchScreen.storyboard */; };
/* End PBXBuildFile section */

/* Begin PBXFileReference section */
		72202EB7246323F900F55E88 /* Found Game.app */ = {isa = PBXFileReference; explicitFileType = wrapper.application; includeInIndex = 0; path = "Found Game.app"; sourceTree = BUILT_PRODUCTS_DIR; };
		72202EBA246323F900F55E88 /* AppDelegate.swift */ = {isa = PBXFileReference; lastKnownFileType = sourcecode.swift; path = AppDelegate.swift; sourceTree = "<group>"; };
		72202EBC246323F900F55E88 /* SceneDelegate.swift */ = {isa = PBXFileReference; lastKnownFileType = sourcecode.swift; path = SceneDelegate.swift; sourceTree = "<group>"; };
		72202EBE246323F900F55E88 /* ViewController.swift */ = {isa = PBXFileReference; lastKnownFileType = sourcecode.swift; path = ViewController.swift; sourceTree = "<group>"; };
		72202EC1246323F900F55E88 /* Base */ = {isa = PBXFileReference; lastKnownFileType = file.storyboard; name = Base; path = Base.lproj/Main.storyboard; sourceTree = "<group>"; };
		72202EC32463240100F55E88 /* Assets.xcassets */ = {isa = PBXFileReference; lastKnownFileType = folder.assetcatalog; path = Assets.xcassets; sourceTree = "<group>"; };
		72202EC62463240100F55E88 /* Base */ = {isa = PBXFileReference; lastKnownFileType = file.storyboard; name = Base; path = Base.lproj/LaunchScreen.storyboard; sourceTree = "<group>"; };
		72202EC82463240100F55E88 /* Info.plist */ = {isa = PBXFileReference; lastKnownFileType = text.plist.xml; path = Info.plist; sourceTree = "<group>"; };
/* End PBXFileReference section */

/* Begin PBXFrameworksBuildPhase section */
		72202EB4246323F900F55E88 /* Frameworks */ = {
			isa = PBXFrameworksBuildPhase;
			buildActionMask = 2147483647;
			files = (
			);
			runOnlyForDeploymentPostprocessing = 0;
		};
/* End PBXFrameworksBuildPhase section */

/* Begin PBXGroup section */
		72202EAE246323F900F55E88 = {
			isa = PBXGroup;
			children = (
				72202EB9246323F900F55E88 /* Found Game */,
				72202EB8246323F900F55E88 /* Products */,
			);
			sourceTree = "<group>";
		};
		72202EB8246323F900F55E88 /* Products */ = {
			isa = PBXGroup;
			children = (
				72202EB7246323F900F55E88 /* Found Game.app */,
			);
			name = Products;
			sourceTree = "<group>";
		};
		72202EB9246323F900F55E88 /* Found Game */ = {
			isa = PBXGroup;
			children = (
				72202ECE2463242C00F55E88 /* delegate */,
				72202ECF2463244E00F55E88 /* controller */,
				72202ED02463246C00F55E88 /* storyboard */,
				72202EC32463240100F55E88 /* Assets.xcassets */,
				72202EC82463240100F55E88 /* Info.plist */,
			);
			path = "Found Game";
			sourceTree = "<group>";
		};
		72202ECE2463242C00F55E88 /* delegate */ = {
			isa = PBXGroup;
			children = (
				72202EBA246323F900F55E88 /* AppDelegate.swift */,
				72202EBC246323F900F55E88 /* SceneDelegate.swift */,
			);
			path = delegate;
			sourceTree = "<group>";
		};
		72202ECF2463244E00F55E88 /* controller */ = {
			isa = PBXGroup;
			children = (
				72202EBE246323F900F55E88 /* ViewController.swift */,
			);
			path = controller;
			sourceTree = "<group>";
		};
		72202ED02463246C00F55E88 /* storyboard */ = {
			isa = PBXGroup;
			children = (
				72202EC0246323F900F55E88 /* Main.storyboard */,
				72202EC52463240100F55E88 /* LaunchScreen.storyboard */,
			);
			path = storyboard;
			sourceTree = "<group>";
		};
/* End PBXGroup section */

/* Begin PBXNativeTarget section */
		72202EB6246323F900F55E88 /* Found Game */ = {
			isa = PBXNativeTarget;
			buildConfigurationList = 72202ECB2463240100F55E88 /* Build configuration list for PBXNativeTarget "Found Game" */;
			buildPhases = (
				72202EB3246323F900F55E88 /* Sources */,
				72202EB4246323F900F55E88 /* Frameworks */,
				72202EB5246323F900F55E88 /* Resources */,
			);
			buildRules = (
			);
			dependencies = (
			);
			name = "Found Game";
			productName = "Found Game";
			productReference = 72202EB7246323F900F55E88 /* Found Game.app */;
			productType = "com.apple.product-type.application";
		};
/* End PBXNativeTarget section */

/* Begin PBXProject section */
		72202EAF246323F900F55E88 /* Project object */ = {
			isa = PBXProject;
			attributes = {
				LastSwiftUpdateCheck = 1140;
				LastUpgradeCheck = 1140;
				ORGANIZATIONNAME = "Максим Палёхин";
				TargetAttributes = {
					72202EB6246323F900F55E88 = {
						CreatedOnToolsVersion = 11.4.1;
					};
				};
			};
			buildConfigurationList = 72202EB2246323F900F55E88 /* Build configuration list for PBXProject "Found Game" */;
			compatibilityVersion = "Xcode 9.3";
			developmentRegion = en;
			hasScannedForEncodings = 0;
			knownRegions = (
				en,
				Base,
			);
			mainGroup = 72202EAE246323F900F55E88;
			productRefGroup = 72202EB8246323F900F55E88 /* Products */;
			projectDirPath = "";
			projectRoot = "";
			targets = (
				72202EB6246323F900F55E88 /* Found Game */,
			);
		};
/* End PBXProject section */

/* Begin PBXResourcesBuildPhase section */
		72202EB5246323F900F55E88 /* Resources */ = {
			isa = PBXResourcesBuildPhase;
			buildActionMask = 2147483647;
			files = (
				72202EC72463240100F55E88 /* LaunchScreen.storyboard in Resources */,
				72202EC42463240100F55E88 /* Assets.xcassets in Resources */,
				72202EC2246323F900F55E88 /* Main.storyboard in Resources */,
			);
			runOnlyForDeploymentPostprocessing = 0;
		};
/* End PBXResourcesBuildPhase section */

/* Begin PBXSourcesBuildPhase section */
		72202EB3246323F900F55E88 /* Sources */ = {
			isa = PBXSourcesBuildPhase;
			buildActionMask = 2147483647;
			files = (
				72202EBF246323F900F55E88 /* ViewController.swift in Sources */,
				72202EBB246323F900F55E88 /* AppDelegate.swift in Sources */,
				72202EBD246323F900F55E88 /* SceneDelegate.swift in Sources */,
			);
			runOnlyForDeploymentPostprocessing = 0;
		};
/* End PBXSourcesBuildPhase section */

/* Begin PBXVariantGroup section */
		72202EC0246323F900F55E88 /* Main.storyboard */ = {
			isa = PBXVariantGroup;
			children = (
				72202EC1246323F900F55E88 /* Base */,
			);
			name = Main.storyboard;
			sourceTree = "<group>";
		};
		72202EC52463240100F55E88 /* LaunchScreen.storyboard */ = {
			isa = PBXVariantGroup;
			children = (
				72202EC62463240100F55E88 /* Base */,
			);
			name = LaunchScreen.storyboard;
			sourceTree = "<group>";
		};
/* End PBXVariantGroup section */

/* Begin XCBuildConfiguration section */
		72202EC92463240100F55E88 /* Debug */ = {
			isa = XCBuildConfiguration;
			buildSettings = {
				ALWAYS_SEARCH_USER_PATHS = NO;
				CLANG_ANALYZER_NONNULL = YES;
				CLANG_ANALYZER_NUMBER_OBJECT_CONVERSION = YES_AGGRESSIVE;
				CLANG_CXX_LANGUAGE_STANDARD = "gnu++14";
				CLANG_CXX_LIBRARY = "libc++";
				CLANG_ENABLE_MODULES = YES;
				CLANG_ENABLE_OBJC_ARC = YES;
				CLANG_ENABLE_OBJC_WEAK = YES;
				CLANG_WARN_BLOCK_CAPTURE_AUTORELEASING = YES;
				CLANG_WARN_BOOL_CONVERSION = YES;
				CLANG_WARN_COMMA = YES;
				CLANG_WARN_CONSTANT_CONVERSION = YES;
				CLANG_WARN_DEPRECATED_OBJC_IMPLEMENTATIONS = YES;
				CLANG_WARN_DIRECT_OBJC_ISA_USAGE = YES_ERROR;
				CLANG_WARN_DOCUMENTATION_COMMENTS = YES;
				CLANG_WARN_EMPTY_BODY = YES;
				CLANG_WARN_ENUM_CONVERSION = YES;
				CLANG_WARN_INFINITE_RECURSION = YES;
				CLANG_WARN_INT_CONVERSION = YES;
				CLANG_WARN_NON_LITERAL_NULL_CONVERSION = YES;
				CLANG_WARN_OBJC_IMPLICIT_RETAIN_SELF = YES;
				CLANG_WARN_OBJC_LITERAL_CONVERSION = YES;
				CLANG_WARN_OBJC_ROOT_CLASS = YES_ERROR;
				CLANG_WARN_RANGE_LOOP_ANALYSIS = YES;
				CLANG_WARN_STRICT_PROTOTYPES = YES;
				CLANG_WARN_SUSPICIOUS_MOVE = YES;
				CLANG_WARN_UNGUARDED_AVAILABILITY = YES_AGGRESSIVE;
				CLANG_WARN_UNREACHABLE_CODE = YES;
				CLANG_WARN__DUPLICATE_METHOD_MATCH = YES;
				COPY_PHASE_STRIP = NO;
				DEBUG_INFORMATION_FORMAT = dwarf;
				ENABLE_STRICT_OBJC_MSGSEND = YES;
				ENABLE_TESTABILITY = YES;
				GCC_C_LANGUAGE_STANDARD = gnu11;
				GCC_DYNAMIC_NO_PIC = NO;
				GCC_NO_COMMON_BLOCKS = YES;
				GCC_OPTIMIZATION_LEVEL = 0;
				GCC_PREPROCESSOR_DEFINITIONS = (
					"DEBUG=1",
					"$(inherited)",
				);
				GCC_WARN_64_TO_32_BIT_CONVERSION = YES;
				GCC_WARN_ABOUT_RETURN_TYPE = YES_ERROR;
				GCC_WARN_UNDECLARED_SELECTOR = YES;
				GCC_WARN_UNINITIALIZED_AUTOS = YES_AGGRESSIVE;
				GCC_WARN_UNUSED_FUNCTION = YES;
				GCC_WARN_UNUSED_VARIABLE = YES;
				IPHONEOS_DEPLOYMENT_TARGET = 13.4;
				MTL_ENABLE_DEBUG_INFO = INCLUDE_SOURCE;
				MTL_FAST_MATH = YES;
				ONLY_ACTIVE_ARCH = YES;
				SDKROOT = iphoneos;
				SWIFT_ACTIVE_COMPILATION_CONDITIONS = DEBUG;
				SWIFT_OPTIMIZATION_LEVEL = "-Onone";
			};
			name = Debug;
		};
		72202ECA2463240100F55E88 /* Release */ = {
			isa = XCBuildConfiguration;
			buildSettings = {
				ALWAYS_SEARCH_USER_PATHS = NO;
				CLANG_ANALYZER_NONNULL = YES;
				CLANG_ANALYZER_NUMBER_OBJECT_CONVERSION = YES_AGGRESSIVE;
				CLANG_CXX_LANGUAGE_STANDARD = "gnu++14";
				CLANG_CXX_LIBRARY = "libc++";
				CLANG_ENABLE_MODULES = YES;
				CLANG_ENABLE_OBJC_ARC = YES;
				CLANG_ENABLE_OBJC_WEAK = YES;
				CLANG_WARN_BLOCK_CAPTURE_AUTORELEASING = YES;
				CLANG_WARN_BOOL_CONVERSION = YES;
				CLANG_WARN_COMMA = YES;
				CLANG_WARN_CONSTANT_CONVERSION = YES;
				CLANG_WARN_DEPRECATED_OBJC_IMPLEMENTATIONS = YES;
				CLANG_WARN_DIRECT_OBJC_ISA_USAGE = YES_ERROR;
				CLANG_WARN_DOCUMENTATION_COMMENTS = YES;
				CLANG_WARN_EMPTY_BODY = YES;
				CLANG_WARN_ENUM_CONVERSION = YES;
				CLANG_WARN_INFINITE_RECURSION = YES;
				CLANG_WARN_INT_CONVERSION = YES;
				CLANG_WARN_NON_LITERAL_NULL_CONVERSION = YES;
				CLANG_WARN_OBJC_IMPLICIT_RETAIN_SELF = YES;
				CLANG_WARN_OBJC_LITERAL_CONVERSION = YES;
				CLANG_WARN_OBJC_ROOT_CLASS = YES_ERROR;
				CLANG_WARN_RANGE_LOOP_ANALYSIS = YES;
				CLANG_WARN_STRICT_PROTOTYPES = YES;
				CLANG_WARN_SUSPICIOUS_MOVE = YES;
				CLANG_WARN_UNGUARDED_AVAILABILITY = YES_AGGRESSIVE;
				CLANG_WARN_UNREACHABLE_CODE = YES;
				CLANG_WARN__DUPLICATE_METHOD_MATCH = YES;
				COPY_PHASE_STRIP = NO;
				DEBUG_INFORMATION_FORMAT = "dwarf-with-dsym";
				ENABLE_NS_ASSERTIONS = NO;
				ENABLE_STRICT_OBJC_MSGSEND = YES;
				GCC_C_LANGUAGE_STANDARD = gnu11;
				GCC_NO_COMMON_BLOCKS = YES;
				GCC_WARN_64_TO_32_BIT_CONVERSION = YES;
				GCC_WARN_ABOUT_RETURN_TYPE = YES_ERROR;
				GCC_WARN_UNDECLARED_SELECTOR = YES;
				GCC_WARN_UNINITIALIZED_AUTOS = YES_AGGRESSIVE;
				GCC_WARN_UNUSED_FUNCTION = YES;
				GCC_WARN_UNUSED_VARIABLE = YES;
				IPHONEOS_DEPLOYMENT_TARGET = 13.4;
				MTL_ENABLE_DEBUG_INFO = NO;
				MTL_FAST_MATH = YES;
				SDKROOT = iphoneos;
				SWIFT_COMPILATION_MODE = wholemodule;
				SWIFT_OPTIMIZATION_LEVEL = "-O";
				VALIDATE_PRODUCT = YES;
			};
			name = Release;
		};
		72202ECC2463240100F55E88 /* Debug */ = {
			isa = XCBuildConfiguration;
			buildSettings = {
				ASSETCATALOG_COMPILER_APPICON_NAME = AppIcon;
				CODE_SIGN_STYLE = Automatic;
				DEVELOPMENT_TEAM = 7SPANA493T;
				INFOPLIST_FILE = "Found Game/Info.plist";
				IPHONEOS_DEPLOYMENT_TARGET = 13.0;
				LD_RUNPATH_SEARCH_PATHS = (
					"$(inherited)",
					"@executable_path/Frameworks",
				);
				PRODUCT_BUNDLE_IDENTIFIER = "com.palehin.Found-Game";
				PRODUCT_NAME = "$(TARGET_NAME)";
				SWIFT_VERSION = 5.0;
				TARGETED_DEVICE_FAMILY = "1,2";
			};
			name = Debug;
		};
		72202ECD2463240100F55E88 /* Release */ = {
			isa = XCBuildConfiguration;
			buildSettings = {
				ASSETCATALOG_COMPILER_APPICON_NAME = AppIcon;
				CODE_SIGN_STYLE = Automatic;
				DEVELOPMENT_TEAM = 7SPANA493T;
				INFOPLIST_FILE = "Found Game/Info.plist";
				IPHONEOS_DEPLOYMENT_TARGET = 13.0;
				LD_RUNPATH_SEARCH_PATHS = (
					"$(inherited)",
					"@executable_path/Frameworks",
				);
				PRODUCT_BUNDLE_IDENTIFIER = "com.palehin.Found-Game";
				PRODUCT_NAME = "$(TARGET_NAME)";
				SWIFT_VERSION = 5.0;
				TARGETED_DEVICE_FAMILY = "1,2";
			};
			name = Release;
		};
/* End XCBuildConfiguration section */

/* Begin XCConfigurationList section */
		72202EB2246323F900F55E88 /* Build configuration list for PBXProject "Found Game" */ = {
			isa = XCConfigurationList;
			buildConfigurations = (
				72202EC92463240100F55E88 /* Debug */,
				72202ECA2463240100F55E88 /* Release */,
			);
			defaultConfigurationIsVisible = 0;
			defaultConfigurationName = Release;
		};
		72202ECB2463240100F55E88 /* Build configuration list for PBXNativeTarget "Found Game" */ = {
			isa = XCConfigurationList;
			buildConfigurations = (
				72202ECC2463240100F55E88 /* Debug */,
				72202ECD2463240100F55E88 /* Release */,
			);
			defaultConfigurationIsVisible = 0;
			defaultConfigurationName = Release;
		};
/* End XCConfigurationList section */
	};
	rootObject = 72202EAF246323F900F55E88 /* Project object */;
}
